
Microsoft Visual Studio Solution File, Format Version 12.00
# Visual Studio 15
VisualStudioVersion = 15.0.28307.168
MinimumVisualStudioVersion = 10.0.40219.1
Project("{8BC9CEB8-8B4A-11D0-8D11-00A0C91BC942}") = "数据结构实验一", "数据结构实验一\数据结构实验一.vcxproj", "{AC83D6CD-B120-4F91-8BB5-D0CFE112B61D}"
EndProject
Global
	GlobalSection(SolutionConfigurationPlatforms) = preSolution
		Debug|x64 = Debug|x64
		Debug|x86 = Debug|x86
		Release|x64 = Release|x64
		Release|x86 = Release|x86
	EndGlobalSection
	GlobalSection(ProjectConfigurationPlatforms) = postSolution
		{AC83D6CD-B120-4F91-8BB5-D0CFE112B61D}.Debug|x64.ActiveCfg = Debug|x64
		{AC83D6CD-B120-4F91-8BB5-D0CFE112B61D}.Debug|x64.Build.0 = Debug|x64
		{AC83D6CD-B120-4F91-8BB5-D0CFE112B61D}.Debug|x86.ActiveCfg = Debug|Win32
		{AC83D6CD-B120-4F91-8BB5-D0CFE112B61D}.Debug|x86.Build.0 = Debug|Win32
		{AC83D6CD-B120-4F91-8BB5-D0CFE112B61D}.Release|x64.ActiveCfg = Release|x64
		{AC83D6CD-B120-4F91-8BB5-D0CFE112B61D}.Release|x64.Build.0 = Release|x64
		{AC83D6CD-B120-4F91-8BB5-D0CFE112B61D}.Release|x86.ActiveCfg = Release|Win32
		{AC83D6CD-B120-4F91-8BB5-D0CFE112B61D}.Release|x86.Build.0 = Release|Win32
	EndGlobalSection
	GlobalSection(SolutionProperties) = preSolution
		HideSolutionNode = FALSE
	EndGlobalSection
	GlobalSection(ExtensibilityGlobals) = postSolution
		SolutionGuid = {576BDB14-B356-4266-9636-2721DAB75436}
	EndGlobalSection
EndGlobal
